
Microsoft Visual Studio Solution File, Format Version 12.00
# Visual Studio Version 16
VisualStudioVersion = 16.0.33328.57
MinimumVisualStudioVersion = 10.0.40219.1
Project("{FAE04EC0-301F-11D3-BF4B-00C04F79EFBC}") = "xBiz Assesment", "xBiz Assesment\xBiz Assesment.csproj", "{2AB514DD-6640-40F1-B566-423F5F527417}"
EndProject
Global
	GlobalSection(SolutionConfigurationPlatforms) = preSolution
		Debug|Any CPU = Debug|Any CPU
		Release|Any CPU = Release|Any CPU
	EndGlobalSection
	GlobalSection(ProjectConfigurationPlatforms) = postSolution
		{2AB514DD-6640-40F1-B566-423F5F527417}.Debug|Any CPU.ActiveCfg = Debug|Any CPU
		{2AB514DD-6640-40F1-B566-423F5F527417}.Debug|Any CPU.Build.0 = Debug|Any CPU
		{2AB514DD-6640-40F1-B566-423F5F527417}.Release|Any CPU.ActiveCfg = Release|Any CPU
		{2AB514DD-6640-40F1-B566-423F5F527417}.Release|Any CPU.Build.0 = Release|Any CPU
	EndGlobalSection
	GlobalSection(SolutionProperties) = preSolution
		HideSolutionNode = FALSE
	EndGlobalSection
	GlobalSection(ExtensibilityGlobals) = postSolution
		SolutionGuid = {FFF96F4E-0DAB-4B23-8267-12EC7D3345FD}
	EndGlobalSection
EndGlobal
